{
  "lockVersion" : 1,
  "timestamp" : "2026-08-18T11:11:54.055559Z",
  "configurations" : [
    "compile",
    "optional",
    "provided",
    "runtime",
    "test"
  ],
  "dependencies" : [
    {
      "org" : "com.fasterxml.jackson.core",
      "name" : "jackson-annotations",
      "version" : "2.17.0",
      "artifacts" : [
        {
          "name" : "jackson-annotations.jar",
          "hash" : "sha1:880a742337010da4c851f843d8cac150e22dff9f"
        }
      ],
      "configurations" : [
        "compile",
        "runtime",
        "test"
      ]
    },
    {
      "org" : "com.fasterxml.jackson.core",
      "name" : "jackson-core",
      "version" : "2.17.0",
      "artifacts" : [
        {
          "name" : "jackson-core.jar",
          "hash" : "sha1:a6e5058ef9720623c517252d17162f845306ff3a"
        }
      ],
      "configurations" : [
        "compile",
        "runtime",
        "test"
      ]
    },
    {
      "org" : "com.fasterxml.jackson.core",
      "name" : "jackson-databind",
      "version" : "2.17.0",
      "artifacts" : [
        {
          "name" : "jackson-databind.jar",
          "hash" : "sha1:7173e9e1d4bc6d7ca03bc4eeedcd548b8b580b34"
        }
      ],
      "configurations" : [
        "compile",
        "runtime",
        "test"
      ]
    },
    {
      "org" : "com.fasterxml.jackson.datatype",
      "name" : "jackson-datatype-jsr310",
      "version" : "2.17.0",
      "artifacts" : [
        {
          "name" : "jackson-datatype-jsr310.jar",
          "hash" : "sha1:3fab507bba9d477e52ed2302dc3ddbd23cbae339"
        }
      ],
      "configurations" : [
        "compile",
        "runtime",
        "test"
      ]
    },
    {
      "org" : "commons-codec",
      "name" : "commons-codec",
      "version" : "1.11",
      "artifacts" : [
        {
          "name" : "commons-codec.jar",
          "hash" : "sha1:3acb4705652e16236558f0f4f2192cc33c3bd189"
        }
      ],
      "configurations" : [
        "compile",
        "runtime",
        "test"
      ]
    },
    {
      "org" : "commons-logging",
      "name" : "commons-logging",
      "version" : "1.2",
      "artifacts" : [
        {
          "name" : "commons-logging.jar",
          "hash" : "sha1:4bfc12adfe4842bf07b657f0369c4cb522955686"
        }
      ],
      "configurations" : [
        "compile",
        "runtime",
        "test"
      ]
    },
    {
      "org" : "jakarta.annotation",
      "name" : "jakarta.annotation-api",
      "version" : "3.0.0",
      "artifacts" : [
        {
          "name" : "jakarta.annotation-api.jar",
          "hash" : "sha1:54f928fadec906a99d558536756d171917b9d936"
        }
      ],
      "configurations" : [
        "provided"
      ]
    },
    {
      "org" : "net.bytebuddy",
      "name" : "byte-buddy",
      "version" : "1.14.9",
      "artifacts" : [
        {
          "name" : "byte-buddy.jar",
          "hash" : "sha1:b69e7fff6c473d3ed2b489cdfd673a091fd94226"
        }
      ],
      "configurations" : [
        "compile",
        "runtime",
        "test"
      ]
    },
    {
      "org" : "org.apache.httpcomponents",
      "name" : "httpclient",
      "version" : "4.5.14",
      "artifacts" : [
        {
          "name" : "httpclient.jar",
          "hash" : "sha1:1194890e6f56ec29177673f2f12d0b8e627dec98"
        }
      ],
      "configurations" : [
        "compile",
        "runtime",
        "test"
      ]
    },
    {
      "org" : "org.apache.httpcomponents",
      "name" : "httpcore",
      "version" : "4.4.16",
      "artifacts" : [
        {
          "name" : "httpcore.jar",
          "hash" : "sha1:51cf043c87253c9f58b539c9f7e44c8894223850"
        }
      ],
      "configurations" : [
        "compile",
        "runtime",
        "test"
      ]
    },
    {
      "org" : "org.apache.httpcomponents",
      "name" : "httpmime",
      "version" : "4.5.14",
      "artifacts" : [
        {
          "name" : "httpmime.jar",
          "hash" : "sha1:6662758a1f1cb1149cf916bdac28332e0902ec44"
        }
      ],
      "configurations" : [
        "compile",
        "runtime",
        "test"
      ]
    },
    {
      "org" : "org.apache.logging.log4j",
      "name" : "log4j-api",
      "version" : "2.25.3",
      "artifacts" : [
        {
          "name" : "log4j-api.jar",
          "hash" : "sha1:fb385330d89c2d61058ef649403f214633569205"
        }
      ],
      "configurations" : [
        "compile",
        "runtime",
        "test"
      ]
    },
    {
      "org" : "org.apache.logging.log4j",
      "name" : "log4j-core",
      "version" : "2.25.3",
      "artifacts" : [
        {
          "name" : "log4j-core.jar",
          "hash" : "sha1:dd9c8ecba5c8dc5e1574804d0bfdc1ef155ad9ea"
        }
      ],
      "configurations" : [
        "compile",
        "runtime",
        "test"
      ]
    },
    {
      "org" : "org.apache.logging.log4j",
      "name" : "log4j-slf4j2-impl",
      "version" : "2.25.3",
      "artifacts" : [
        {
          "name" : "log4j-slf4j2-impl.jar",
          "hash" : "sha1:8d1aca17817adb4a15720e64b98caf9cb3b2cc51"
        }
      ],
      "configurations" : [
        "compile",
        "runtime",
        "test"
      ]
    },
    {
      "org" : "org.jacoco",
      "name" : "org.jacoco.agent",
      "version" : "0.8.7",
      "artifacts" : [
        {
          "name" : "org.jacoco.agent.jar",
          "hash" : "sha1:37df187b76888101ecd745282e9cd1ad4ea508d6"
        }
      ],
      "configurations" : [
        "test"
      ]
    },
    {
      "org" : "org.slf4j",
      "name" : "slf4j-api",
      "version" : "2.0.17",
      "artifacts" : [
        {
          "name" : "slf4j-api.jar",
          "hash" : "sha1:d9e58ac9c7779ba3bf8142aff6c830617a7fe60f"
        }
      ],
      "configurations" : [
        "compile",
        "runtime",
        "test"
      ]
    }
  ]
}