{
  "lockVersion" : 1,
  "timestamp" : "2026-08-18T10:32:51.379599Z",
  "configurations" : [
    "compile",
    "optional",
    "provided",
    "runtime",
    "test"
  ],
  "dependencies" : [
    {
      "org" : "com.fasterxml.jackson.core",
      "name" : "jackson-annotations",
      "version" : "2.17.0",
      "artifacts" : [
        {
          "name" : "jackson-annotations.jar",
          "hash" : "sha1:880a742337010da4c851f843d8cac150e22dff9f"
        }
      ],
      "configurations" : [
        "compile",
        "runtime",
        "test"
      ]
    },
    {
      "org" : "com.fasterxml.jackson.core",
      "name" : "jackson-core",
      "version" : "2.17.0",
      "artifacts" : [
        {
          "name" : "jackson-core.jar",
          "hash" : "sha1:a6e5058ef9720623c517252d17162f845306ff3a"
        }
      ],
      "configurations" : [
        "compile",
        "runtime",
        "test"
      ]
    },
    {
      "org" : "com.fasterxml.jackson.core",
      "name" : "jackson-databind",
      "version" : "2.17.0",
      "artifacts" : [
        {
          "name" : "jackson-databind.jar",
          "hash" : "sha1:7173e9e1d4bc6d7ca03bc4eeedcd548b8b580b34"
        }
      ],
      "configurations" : [
        "compile",
        "runtime",
        "test"
      ]
    },
    {
      "org" : "com.fasterxml.jackson.datatype",
      "name" : "jackson-datatype-jsr310",
      "version" : "2.17.0",
      "artifacts" : [
        {
          "name" : "jackson-datatype-jsr310.jar",
          "hash" : "sha1:3fab507bba9d477e52ed2302dc3ddbd23cbae339"
        }
      ],
      "configurations" : [
        "compile",
        "runtime",
        "test"
      ]
    },
    {
      "org" : "com.google.api-client",
      "name" : "google-api-client",
      "version" : "2.2.0",
      "artifacts" : [
        {
          "name" : "google-api-client.jar",
          "hash" : "sha1:10e53fd4d987e37190432e896bdaa62e8ea2c628"
        }
      ],
      "configurations" : [
        "provided"
      ]
    },
    {
      "org" : "com.google.api-client",
      "name" : "google-api-client-gson",
      "version" : "2.1.1",
      "artifacts" : [
        {
          "name" : "google-api-client-gson.jar",
          "hash" : "sha1:2e9f035b109c90d2825a4190320347395b4edd94"
        }
      ],
      "configurations" : [
        "provided"
      ]
    },
    {
      "org" : "com.google.apis",
      "name" : "google-api-services-iamcredentials",
      "version" : "v1-rev20211203-2.0.0",
      "artifacts" : [
        {
          "name" : "google-api-services-iamcredentials.jar",
          "hash" : "sha1:085f78ba1ca8c4b083382cd84513758c0d7e8c18"
        }
      ],
      "configurations" : [
        "provided"
      ]
    },
    {
      "org" : "com.google.apis",
      "name" : "google-api-services-storage",
      "version" : "v1-rev20240105-2.0.0",
      "artifacts" : [
        {
          "name" : "google-api-services-storage.jar",
          "hash" : "sha1:b1064daeec223c5fa7cbecdd7800f0348161adeb"
        }
      ],
      "configurations" : [
        "provided"
      ]
    },
    {
      "org" : "com.google.auth",
      "name" : "google-auth-library-credentials",
      "version" : "1.22.0",
      "artifacts" : [
        {
          "name" : "google-auth-library-credentials.jar",
          "hash" : "sha1:014fe31f173c9073a3cb0cb9c7ec1d8624a8620c"
        }
      ],
      "configurations" : [
        "provided"
      ]
    },
    {
      "org" : "com.google.auth",
      "name" : "google-auth-library-oauth2-http",
      "version" : "1.22.0",
      "artifacts" : [
        {
          "name" : "google-auth-library-oauth2-http.jar",
          "hash" : "sha1:87c7205e6fc550390c530ecef0d1c27bb8023efb"
        }
      ],
      "configurations" : [
        "provided"
      ]
    },
    {
      "org" : "com.google.auto.value",
      "name" : "auto-value-annotations",
      "version" : "1.10.4",
      "artifacts" : [
        {
          "name" : "auto-value-annotations.jar",
          "hash" : "sha1:9679de8286eb0a151db6538ba297a8951c4a1224"
        }
      ],
      "configurations" : [
        "provided",
        "test"
      ]
    },
    {
      "org" : "com.google.cloud.bigdataoss",
      "name" : "gcs-connector",
      "version" : "3.0.2",
      "artifacts" : [
        {
          "name" : "gcs-connector.jar",
          "hash" : "sha1:05edb4689a342f0d628807c28be2735369b8bd67"
        }
      ],
      "configurations" : [
        "test"
      ]
    },
    {
      "org" : "com.google.cloud.bigdataoss",
      "name" : "util",
      "version" : "3.0.2",
      "artifacts" : [
        {
          "name" : "util.jar",
          "hash" : "sha1:c3da112771f121d2f34575727a0c2449145eb73f"
        }
      ],
      "configurations" : [
        "provided"
      ]
    },
    {
      "org" : "com.google.cloud.bigdataoss",
      "name" : "util-hadoop",
      "version" : "3.0.2",
      "artifacts" : [
        {
          "name" : "util-hadoop.jar",
          "hash" : "sha1:50dc0634de9c712f8c72c5852899c5c9de231d65"
        }
      ],
      "configurations" : [
        "provided"
      ]
    },
    {
      "org" : "com.google.code.findbugs",
      "name" : "jsr305",
      "version" : "3.0.2",
      "artifacts" : [
        {
          "name" : "jsr305.jar",
          "hash" : "sha1:25ea2e8b0c338a877313bd4672d3fe056ea78f0d"
        }
      ],
      "configurations" : [
        "compile",
        "provided",
        "runtime",
        "test"
      ]
    },
    {
      "org" : "com.google.code.gson",
      "name" : "gson",
      "version" : "2.10.1",
      "artifacts" : [
        {
          "name" : "gson.jar",
          "hash" : "sha1:b3add478d4382b78ea20b1671390a858002feb6c"
        }
      ],
      "configurations" : [
        "provided"
      ]
    },
    {
      "org" : "com.google.errorprone",
      "name" : "error_prone_annotations",
      "version" : "2.26.1",
      "artifacts" : [
        {
          "name" : "error_prone_annotations.jar",
          "hash" : "sha1:c1fde57694bdc14e8618899aaa6e857d9465d7de"
        }
      ],
      "configurations" : [
        "provided"
      ]
    },
    {
      "org" : "com.google.flogger",
      "name" : "flogger",
      "version" : "0.7.4",
      "artifacts" : [
        {
          "name" : "flogger.jar",
          "hash" : "sha1:cec29ed8b58413c2e935d86b12d6b696dc285419"
        }
      ],
      "configurations" : [
        "provided"
      ]
    },
    {
      "org" : "com.google.flogger",
      "name" : "flogger-system-backend",
      "version" : "0.7.4",
      "artifacts" : [
        {
          "name" : "flogger-system-backend.jar",
          "hash" : "sha1:4bee7ebbd97c63ca7fb17529aeb49a57b670d061"
        }
      ],
      "configurations" : [
        "provided"
      ]
    },
    {
      "org" : "com.google.flogger",
      "name" : "google-extensions",
      "version" : "0.7.4",
      "artifacts" : [
        {
          "name" : "google-extensions.jar",
          "hash" : "sha1:c49493bd815e3842b8406e21117119d560399977"
        }
      ],
      "configurations" : [
        "provided"
      ]
    },
    {
      "org" : "com.google.guava",
      "name" : "failureaccess",
      "version" : "1.0.2",
      "artifacts" : [
        {
          "name" : "failureaccess.jar",
          "hash" : "sha1:c4a06a64e650562f30b7bf9aaec1bfed43aca12b"
        }
      ],
      "configurations" : [
        "provided"
      ]
    },
    {
      "org" : "com.google.guava",
      "name" : "guava",
      "version" : "33.1.0-jre",
      "artifacts" : [
        {
          "name" : "guava.jar",
          "hash" : "sha1:9b7ed39143d59e8eabcc6f91ffe4d23db2efe558"
        }
      ],
      "configurations" : [
        "provided"
      ]
    },
    {
      "org" : "com.google.guava",
      "name" : "listenablefuture",
      "version" : "9999.0-empty-to-avoid-conflict-with-guava",
      "artifacts" : [
        {
          "name" : "listenablefuture.jar",
          "hash" : "sha1:b421526c5f297295adef1c886e5246c39d4ac629"
        }
      ],
      "configurations" : [
        "provided"
      ]
    },
    {
      "org" : "com.google.http-client",
      "name" : "google-http-client",
      "version" : "1.43.3",
      "artifacts" : [
        {
          "name" : "google-http-client.jar",
          "hash" : "sha1:a758b82e55a2f5f681e289c5ed384d3dbda6f3cd"
        }
      ],
      "configurations" : [
        "provided"
      ]
    },
    {
      "org" : "com.google.http-client",
      "name" : "google-http-client-apache-v2",
      "version" : "1.42.3",
      "artifacts" : [
        {
          "name" : "google-http-client-apache-v2.jar",
          "hash" : "sha1:3dc8cea436c52d0d248abe9648b0e4f1d02bd500"
        }
      ],
      "configurations" : [
        "provided"
      ]
    },
    {
      "org" : "com.google.http-client",
      "name" : "google-http-client-gson",
      "version" : "1.43.3",
      "artifacts" : [
        {
          "name" : "google-http-client-gson.jar",
          "hash" : "sha1:252e267acf720ef6333488740a696a1d5e204639"
        }
      ],
      "configurations" : [
        "provided"
      ]
    },
    {
      "org" : "com.google.j2objc",
      "name" : "j2objc-annotations",
      "version" : "3.0.0",
      "artifacts" : [
        {
          "name" : "j2objc-annotations.jar",
          "hash" : "sha1:7399e65dd7e9ff3404f4535b2f017093bdb134c7"
        }
      ],
      "configurations" : [
        "provided"
      ]
    },
    {
      "org" : "com.google.oauth-client",
      "name" : "google-oauth-client",
      "version" : "1.34.1",
      "artifacts" : [
        {
          "name" : "google-oauth-client.jar",
          "hash" : "sha1:4a4f88c5e13143f882268c98239fb85c3b2c6cb2"
        }
      ],
      "configurations" : [
        "provided"
      ]
    },
    {
      "org" : "com.microsoft.azure",
      "name" : "azure-keyvault-core",
      "version" : "1.0.0",
      "artifacts" : [
        {
          "name" : "azure-keyvault-core.jar",
          "hash" : "sha1:e89dd5e621e21b753096ec6a03f203c01482c612"
        }
      ],
      "configurations" : [
        "provided"
      ]
    },
    {
      "org" : "com.microsoft.azure",
      "name" : "azure-storage",
      "version" : "7.0.1",
      "artifacts" : [
        {
          "name" : "azure-storage.jar",
          "hash" : "sha1:febd3081181fdcedfca833999b2504713caaea9c"
        }
      ],
      "configurations" : [
        "provided"
      ]
    },
    {
      "org" : "commons-codec",
      "name" : "commons-codec",
      "version" : "1.15",
      "artifacts" : [
        {
          "name" : "commons-codec.jar",
          "hash" : "sha1:49d94806b6e3dc933dacbd8acb0fdbab8ebd1e5d"
        }
      ],
      "configurations" : [
        "provided"
      ]
    },
    {
      "org" : "commons-logging",
      "name" : "commons-logging",
      "version" : "1.2",
      "artifacts" : [
        {
          "name" : "commons-logging.jar",
          "hash" : "sha1:4bfc12adfe4842bf07b657f0369c4cb522955686"
        }
      ],
      "configurations" : [
        "provided"
      ]
    },
    {
      "org" : "commons-logging",
      "name" : "commons-logging",
      "version" : "1.3.0",
      "artifacts" : [
        {
          "name" : "commons-logging.jar",
          "hash" : "sha1:f5e064b541f5c5fbc5e4fb49c4e8cd4eabb3afd6"
        }
      ],
      "configurations" : [
        "test"
      ]
    },
    {
      "org" : "io.grpc",
      "name" : "grpc-api",
      "version" : "1.62.2",
      "artifacts" : [
        {
          "name" : "grpc-api.jar",
          "hash" : "sha1:a93b6ee3761d48edd9a9279f20a58be1a245ad01"
        }
      ],
      "configurations" : [
        "provided"
      ]
    },
    {
      "org" : "io.grpc",
      "name" : "grpc-context",
      "version" : "1.27.2",
      "artifacts" : [
        {
          "name" : "grpc-context.jar",
          "hash" : "sha1:1789190601b7a5361e4fa52b6bc95ec2cd71e854"
        }
      ],
      "configurations" : [
        "provided"
      ]
    },
    {
      "org" : "io.opencensus",
      "name" : "opencensus-api",
      "version" : "0.31.1",
      "artifacts" : [
        {
          "name" : "opencensus-api.jar",
          "hash" : "sha1:66a60c7201c2b8b20ce495f0295b32bb0ccbbc57"
        }
      ],
      "configurations" : [
        "provided"
      ]
    },
    {
      "org" : "io.opencensus",
      "name" : "opencensus-contrib-http-util",
      "version" : "0.31.1",
      "artifacts" : [
        {
          "name" : "opencensus-contrib-http-util.jar",
          "hash" : "sha1:3c13fc5715231fadb16a9b74a44d9d59c460cfa8"
        }
      ],
      "configurations" : [
        "provided"
      ]
    },
    {
      "org" : "io.unitycatalog",
      "name" : "unitycatalog-client",
      "version" : "0.7.0-SNAPSHOT",
      "artifacts" : [
      ],
      "configurations" : [
        "compile",
        "optional",
        "provided",
        "runtime",
        "test"
      ]
    },
    {
      "org" : "net.aichler",
      "name" : "jupiter-interface",
      "version" : "0.11.1",
      "artifacts" : [
        {
          "name" : "jupiter-interface.jar",
          "hash" : "sha1:b913c728f8d9ff09fff0efd184604f58f81a133e"
        }
      ],
      "configurations" : [
        "test"
      ]
    },
    {
      "org" : "net.bytebuddy",
      "name" : "byte-buddy",
      "version" : "1.14.18",
      "artifacts" : [
        {
          "name" : "byte-buddy.jar",
          "hash" : "sha1:0081e9b9a20944626e6757b5950676af901c2485"
        }
      ],
      "configurations" : [
        "test"
      ]
    },
    {
      "org" : "net.bytebuddy",
      "name" : "byte-buddy",
      "version" : "1.14.9",
      "artifacts" : [
        {
          "name" : "byte-buddy.jar",
          "hash" : "sha1:b69e7fff6c473d3ed2b489cdfd673a091fd94226"
        }
      ],
      "configurations" : [
        "compile",
        "runtime"
      ]
    },
    {
      "org" : "net.bytebuddy",
      "name" : "byte-buddy-agent",
      "version" : "1.14.15",
      "artifacts" : [
        {
          "name" : "byte-buddy-agent.jar",
          "hash" : "sha1:0b4cc9d88d5de562bf75b3a54ab436ad01b3f72d"
        }
      ],
      "configurations" : [
        "test"
      ]
    },
    {
      "org" : "org.apache.hadoop",
      "name" : "hadoop-aws",
      "version" : "3.4.2",
      "artifacts" : [
        {
          "name" : "hadoop-aws.jar",
          "hash" : "sha1:16f9de6da5c7862241d55a13d34843404d0cbb88"
        }
      ],
      "configurations" : [
        "test"
      ]
    },
    {
      "org" : "org.apache.hadoop",
      "name" : "hadoop-azure",
      "version" : "3.4.2",
      "artifacts" : [
        {
          "name" : "hadoop-azure.jar",
          "hash" : "sha1:d8248efe9d234ad75a7c473a0d5da6d373e288f0"
        }
      ],
      "configurations" : [
        "provided"
      ]
    },
    {
      "org" : "org.apache.hadoop",
      "name" : "hadoop-client-api",
      "version" : "3.4.2",
      "artifacts" : [
        {
          "name" : "hadoop-client-api.jar",
          "hash" : "sha1:d49afafdccb52bddde866ea0f341e6b31edc97fe"
        }
      ],
      "configurations" : [
        "provided",
        "test"
      ]
    },
    {
      "org" : "org.apache.hadoop",
      "name" : "hadoop-client-runtime",
      "version" : "3.4.2",
      "artifacts" : [
        {
          "name" : "hadoop-client-runtime.jar",
          "hash" : "sha1:3e9508f154ac9f085f3f0400c696175dce771d2d"
        }
      ],
      "configurations" : [
        "test"
      ]
    },
    {
      "org" : "org.apache.hadoop.thirdparty",
      "name" : "hadoop-shaded-guava",
      "version" : "1.4.0",
      "artifacts" : [
        {
          "name" : "hadoop-shaded-guava.jar",
          "hash" : "sha1:f1c2f282d00a9e20d29334762fd7db3da939fd87"
        }
      ],
      "configurations" : [
        "provided"
      ]
    },
    {
      "org" : "org.apache.httpcomponents",
      "name" : "httpclient",
      "version" : "4.5.14",
      "artifacts" : [
        {
          "name" : "httpclient.jar",
          "hash" : "sha1:1194890e6f56ec29177673f2f12d0b8e627dec98"
        }
      ],
      "configurations" : [
        "provided"
      ]
    },
    {
      "org" : "org.apache.httpcomponents",
      "name" : "httpcore",
      "version" : "4.4.16",
      "artifacts" : [
        {
          "name" : "httpcore.jar",
          "hash" : "sha1:51cf043c87253c9f58b539c9f7e44c8894223850"
        }
      ],
      "configurations" : [
        "provided"
      ]
    },
    {
      "org" : "org.apache.logging.log4j",
      "name" : "log4j-api",
      "version" : "2.25.3",
      "artifacts" : [
        {
          "name" : "log4j-api.jar",
          "hash" : "sha1:fb385330d89c2d61058ef649403f214633569205"
        }
      ],
      "configurations" : [
        "compile",
        "runtime",
        "test"
      ]
    },
    {
      "org" : "org.apache.logging.log4j",
      "name" : "log4j-core",
      "version" : "2.25.3",
      "artifacts" : [
        {
          "name" : "log4j-core.jar",
          "hash" : "sha1:dd9c8ecba5c8dc5e1574804d0bfdc1ef155ad9ea"
        }
      ],
      "configurations" : [
        "compile",
        "runtime",
        "test"
      ]
    },
    {
      "org" : "org.apache.logging.log4j",
      "name" : "log4j-slf4j2-impl",
      "version" : "2.25.3",
      "artifacts" : [
        {
          "name" : "log4j-slf4j2-impl.jar",
          "hash" : "sha1:8d1aca17817adb4a15720e64b98caf9cb3b2cc51"
        }
      ],
      "configurations" : [
        "compile",
        "runtime",
        "test"
      ]
    },
    {
      "org" : "org.apiguardian",
      "name" : "apiguardian-api",
      "version" : "1.1.2",
      "artifacts" : [
        {
          "name" : "apiguardian-api.jar",
          "hash" : "sha1:a231e0d844d2721b0fa1b238006d15c6ded6842a"
        }
      ],
      "configurations" : [
        "test"
      ]
    },
    {
      "org" : "org.assertj",
      "name" : "assertj-core",
      "version" : "3.26.3",
      "artifacts" : [
        {
          "name" : "assertj-core.jar",
          "hash" : "sha1:0d26263eb7524252d98e602fc6942996a3195e29"
        }
      ],
      "configurations" : [
        "test"
      ]
    },
    {
      "org" : "org.checkerframework",
      "name" : "checker-compat-qual",
      "version" : "2.5.3",
      "artifacts" : [
        {
          "name" : "checker-compat-qual.jar",
          "hash" : "sha1:045f92d2e0676d05ae9297269b8268f93a875d4a"
        }
      ],
      "configurations" : [
        "provided"
      ]
    },
    {
      "org" : "org.checkerframework",
      "name" : "checker-qual",
      "version" : "3.42.0",
      "artifacts" : [
        {
          "name" : "checker-qual.jar",
          "hash" : "sha1:638ec33f363a94d41a4f03c3e7d3dcfba64e402d"
        }
      ],
      "configurations" : [
        "provided"
      ]
    },
    {
      "org" : "org.eclipse.jetty",
      "name" : "jetty-util",
      "version" : "9.4.57.v20241219",
      "artifacts" : [
        {
          "name" : "jetty-util.jar",
          "hash" : "sha1:7bf7ea75644ac064199e1e32c66ccd312239f2dc"
        }
      ],
      "configurations" : [
        "provided"
      ]
    },
    {
      "org" : "org.eclipse.jetty",
      "name" : "jetty-util-ajax",
      "version" : "9.4.57.v20241219",
      "artifacts" : [
        {
          "name" : "jetty-util-ajax.jar",
          "hash" : "sha1:7b5f144a3d0cbfcac62f2fcb9e14ffa765048f0e"
        }
      ],
      "configurations" : [
        "provided"
      ]
    },
    {
      "org" : "org.jacoco",
      "name" : "org.jacoco.agent",
      "version" : "0.8.7",
      "artifacts" : [
        {
          "name" : "org.jacoco.agent.jar",
          "hash" : "sha1:37df187b76888101ecd745282e9cd1ad4ea508d6"
        }
      ],
      "configurations" : [
        "test"
      ]
    },
    {
      "org" : "org.junit.jupiter",
      "name" : "junit-jupiter",
      "version" : "5.10.3",
      "artifacts" : [
        {
          "name" : "junit-jupiter.jar",
          "hash" : "sha1:6686d8fbf251f9bf8ecba413cab57b9e00f9134d"
        }
      ],
      "configurations" : [
        "test"
      ]
    },
    {
      "org" : "org.junit.jupiter",
      "name" : "junit-jupiter-api",
      "version" : "5.10.3",
      "artifacts" : [
        {
          "name" : "junit-jupiter-api.jar",
          "hash" : "sha1:a22aa91d1d6c69b2020a9aeb6d095ea81132bfa5"
        }
      ],
      "configurations" : [
        "test"
      ]
    },
    {
      "org" : "org.junit.jupiter",
      "name" : "junit-jupiter-engine",
      "version" : "5.10.3",
      "artifacts" : [
        {
          "name" : "junit-jupiter-engine.jar",
          "hash" : "sha1:48c14e866bb1a87ca35d24ff068463bb202ada24"
        }
      ],
      "configurations" : [
        "test"
      ]
    },
    {
      "org" : "org.junit.jupiter",
      "name" : "junit-jupiter-params",
      "version" : "5.10.3",
      "artifacts" : [
        {
          "name" : "junit-jupiter-params.jar",
          "hash" : "sha1:4852f4e4af9074d9214213b199751f99efeab8b9"
        }
      ],
      "configurations" : [
        "test"
      ]
    },
    {
      "org" : "org.junit.platform",
      "name" : "junit-platform-commons",
      "version" : "1.10.3",
      "artifacts" : [
        {
          "name" : "junit-platform-commons.jar",
          "hash" : "sha1:a353d42a2f13343a7cb80c5228ae66ff64495481"
        }
      ],
      "configurations" : [
        "test"
      ]
    },
    {
      "org" : "org.junit.platform",
      "name" : "junit-platform-engine",
      "version" : "1.10.3",
      "artifacts" : [
        {
          "name" : "junit-platform-engine.jar",
          "hash" : "sha1:365a320c3cfd47f3346625e541e424e35dc75c42"
        }
      ],
      "configurations" : [
        "test"
      ]
    },
    {
      "org" : "org.junit.platform",
      "name" : "junit-platform-launcher",
      "version" : "1.9.1",
      "artifacts" : [
        {
          "name" : "junit-platform-launcher.jar",
          "hash" : "sha1:b4534f5130dcfb10e8ac41a5fba6ec656c9ede06"
        }
      ],
      "configurations" : [
        "test"
      ]
    },
    {
      "org" : "org.mockito",
      "name" : "mockito-core",
      "version" : "5.12.0",
      "artifacts" : [
        {
          "name" : "mockito-core.jar",
          "hash" : "sha1:22f8bbaf478e6789164787fa411a3b5ed986e110"
        }
      ],
      "configurations" : [
        "test"
      ]
    },
    {
      "org" : "org.mockito",
      "name" : "mockito-inline",
      "version" : "5.2.0",
      "artifacts" : [
        {
          "name" : "mockito-inline.jar",
          "hash" : "sha1:3d1dffee9a8a1998ec782383ca2f818848f2d5f1"
        }
      ],
      "configurations" : [
        "test"
      ]
    },
    {
      "org" : "org.mockito",
      "name" : "mockito-junit-jupiter",
      "version" : "5.12.0",
      "artifacts" : [
        {
          "name" : "mockito-junit-jupiter.jar",
          "hash" : "sha1:879cbbd8ec07813d7330c2b2454eb1a77c84b7f7"
        }
      ],
      "configurations" : [
        "test"
      ]
    },
    {
      "org" : "org.objenesis",
      "name" : "objenesis",
      "version" : "3.3",
      "artifacts" : [
        {
          "name" : "objenesis.jar",
          "hash" : "sha1:1049c09f1de4331e8193e579448d0916d75b7631"
        }
      ],
      "configurations" : [
        "test"
      ]
    },
    {
      "org" : "org.openapitools",
      "name" : "jackson-databind-nullable",
      "version" : "0.2.6",
      "artifacts" : [
        {
          "name" : "jackson-databind-nullable.jar",
          "hash" : "sha1:d8c7e6b4fcc10d36771d157fc011d2a04479e4a7"
        }
      ],
      "configurations" : [
        "compile",
        "runtime",
        "test"
      ]
    },
    {
      "org" : "org.opentest4j",
      "name" : "opentest4j",
      "version" : "1.3.0",
      "artifacts" : [
        {
          "name" : "opentest4j.jar",
          "hash" : "sha1:152ea56b3a72f655d4fd677fc0ef2596c3dd5e6e"
        }
      ],
      "configurations" : [
        "test"
      ]
    },
    {
      "org" : "org.reactivestreams",
      "name" : "reactive-streams",
      "version" : "1.0.4",
      "artifacts" : [
        {
          "name" : "reactive-streams.jar",
          "hash" : "sha1:3864a1320d97d7b045f729a326e1e077661f31b7"
        }
      ],
      "configurations" : [
        "provided"
      ]
    },
    {
      "org" : "org.scala-sbt",
      "name" : "test-interface",
      "version" : "1.0",
      "artifacts" : [
        {
          "name" : "test-interface.jar",
          "hash" : "sha1:0a3f14d010c4cb32071f863d97291df31603b521"
        }
      ],
      "configurations" : [
        "test"
      ]
    },
    {
      "org" : "org.slf4j",
      "name" : "slf4j-api",
      "version" : "1.7.30",
      "artifacts" : [
        {
          "name" : "slf4j-api.jar",
          "hash" : "sha1:b5a4b6d16ab13e34a88fae84c35cd5d68cac922c"
        }
      ],
      "configurations" : [
        "provided"
      ]
    },
    {
      "org" : "org.slf4j",
      "name" : "slf4j-api",
      "version" : "2.0.17",
      "artifacts" : [
        {
          "name" : "slf4j-api.jar",
          "hash" : "sha1:d9e58ac9c7779ba3bf8142aff6c830617a7fe60f"
        }
      ],
      "configurations" : [
        "compile",
        "runtime",
        "test"
      ]
    },
    {
      "org" : "org.wildfly.openssl",
      "name" : "wildfly-openssl",
      "version" : "2.1.4.Final",
      "artifacts" : [
        {
          "name" : "wildfly-openssl.jar",
          "hash" : "sha1:6429181577ab16eca3815b11d925f0846d6c9051"
        }
      ],
      "configurations" : [
        "provided",
        "test"
      ]
    },
    {
      "org" : "org.xerial.snappy",
      "name" : "snappy-java",
      "version" : "1.1.10.4",
      "artifacts" : [
        {
          "name" : "snappy-java.jar",
          "hash" : "sha1:50d0390056017158bdc75c063efd5c2a898d5f0c"
        }
      ],
      "configurations" : [
        "provided",
        "test"
      ]
    },
    {
      "org" : "software.amazon.awssdk",
      "name" : "annotations",
      "version" : "2.25.37",
      "artifacts" : [
        {
          "name" : "annotations.jar",
          "hash" : "sha1:21a28888307e0a65e502f497fef0b88e802ee5ca"
        }
      ],
      "configurations" : [
        "provided"
      ]
    },
    {
      "org" : "software.amazon.awssdk",
      "name" : "auth",
      "version" : "2.25.37",
      "artifacts" : [
        {
          "name" : "auth.jar",
          "hash" : "sha1:5f92d681b7e1380d15dcc0f007f98d0e8cb022b3"
        }
      ],
      "configurations" : [
        "provided"
      ]
    },
    {
      "org" : "software.amazon.awssdk",
      "name" : "bundle",
      "version" : "2.29.52",
      "artifacts" : [
        {
          "name" : "bundle.jar",
          "hash" : "sha1:b63eb928c2ac13bde07746bcfe7fb38bbdb4b5c5"
        }
      ],
      "configurations" : [
        "test"
      ]
    },
    {
      "org" : "software.amazon.awssdk",
      "name" : "checksums",
      "version" : "2.25.37",
      "artifacts" : [
        {
          "name" : "checksums.jar",
          "hash" : "sha1:07f5cf5df434b5599410bf76de4a7c1929fb69b3"
        }
      ],
      "configurations" : [
        "provided"
      ]
    },
    {
      "org" : "software.amazon.awssdk",
      "name" : "checksums-spi",
      "version" : "2.25.37",
      "artifacts" : [
        {
          "name" : "checksums-spi.jar",
          "hash" : "sha1:7e6e333b497f9824edc910ad454e7e07a65cce13"
        }
      ],
      "configurations" : [
        "provided"
      ]
    },
    {
      "org" : "software.amazon.awssdk",
      "name" : "endpoints-spi",
      "version" : "2.25.37",
      "artifacts" : [
        {
          "name" : "endpoints-spi.jar",
          "hash" : "sha1:163c5e163fb1fd2419b4b5a2f0dc68aeedddd17c"
        }
      ],
      "configurations" : [
        "provided"
      ]
    },
    {
      "org" : "software.amazon.awssdk",
      "name" : "http-auth",
      "version" : "2.25.37",
      "artifacts" : [
        {
          "name" : "http-auth.jar",
          "hash" : "sha1:a0bf160aeb6a3f53c8e9cf670163fed550345115"
        }
      ],
      "configurations" : [
        "provided"
      ]
    },
    {
      "org" : "software.amazon.awssdk",
      "name" : "http-auth-aws",
      "version" : "2.25.37",
      "artifacts" : [
        {
          "name" : "http-auth-aws.jar",
          "hash" : "sha1:78d4faed38b3d3396438e74032d4059ea4afc42b"
        }
      ],
      "configurations" : [
        "provided"
      ]
    },
    {
      "org" : "software.amazon.awssdk",
      "name" : "http-auth-spi",
      "version" : "2.25.37",
      "artifacts" : [
        {
          "name" : "http-auth-spi.jar",
          "hash" : "sha1:f910c0aa09489ea8bafe42fa1e41ff266a5e1906"
        }
      ],
      "configurations" : [
        "provided"
      ]
    },
    {
      "org" : "software.amazon.awssdk",
      "name" : "http-client-spi",
      "version" : "2.25.37",
      "artifacts" : [
        {
          "name" : "http-client-spi.jar",
          "hash" : "sha1:31606987af2c5a331764b8858a211c17f48eea0f"
        }
      ],
      "configurations" : [
        "provided"
      ]
    },
    {
      "org" : "software.amazon.awssdk",
      "name" : "identity-spi",
      "version" : "2.25.37",
      "artifacts" : [
        {
          "name" : "identity-spi.jar",
          "hash" : "sha1:9d18c3b851d08e4e3839db7635130856ed0542ed"
        }
      ],
      "configurations" : [
        "provided"
      ]
    },
    {
      "org" : "software.amazon.awssdk",
      "name" : "json-utils",
      "version" : "2.25.37",
      "artifacts" : [
        {
          "name" : "json-utils.jar",
          "hash" : "sha1:5a12670042c045c4725a1c97b44e838dcf242adb"
        }
      ],
      "configurations" : [
        "provided"
      ]
    },
    {
      "org" : "software.amazon.awssdk",
      "name" : "metrics-spi",
      "version" : "2.25.37",
      "artifacts" : [
        {
          "name" : "metrics-spi.jar",
          "hash" : "sha1:bfc8a74b5565c64e18caf4a91dd4e76da8d1a783"
        }
      ],
      "configurations" : [
        "provided"
      ]
    },
    {
      "org" : "software.amazon.awssdk",
      "name" : "profiles",
      "version" : "2.25.37",
      "artifacts" : [
        {
          "name" : "profiles.jar",
          "hash" : "sha1:b16beef530240b264909faa916b40b4c3cac2f8a"
        }
      ],
      "configurations" : [
        "provided"
      ]
    },
    {
      "org" : "software.amazon.awssdk",
      "name" : "regions",
      "version" : "2.25.37",
      "artifacts" : [
        {
          "name" : "regions.jar",
          "hash" : "sha1:6dbc9ce067c03be8998c9838373404828edcdbf3"
        }
      ],
      "configurations" : [
        "provided"
      ]
    },
    {
      "org" : "software.amazon.awssdk",
      "name" : "sdk-core",
      "version" : "2.25.37",
      "artifacts" : [
        {
          "name" : "sdk-core.jar",
          "hash" : "sha1:40729b3ce530892fbb46639716e18625a36b4670"
        }
      ],
      "configurations" : [
        "provided"
      ]
    },
    {
      "org" : "software.amazon.awssdk",
      "name" : "third-party-jackson-core",
      "version" : "2.25.37",
      "artifacts" : [
        {
          "name" : "third-party-jackson-core.jar",
          "hash" : "sha1:90e14c013ac71963f7c8ac718a3b7c68adb7b026"
        }
      ],
      "configurations" : [
        "provided"
      ]
    },
    {
      "org" : "software.amazon.awssdk",
      "name" : "utils",
      "version" : "2.25.37",
      "artifacts" : [
        {
          "name" : "utils.jar",
          "hash" : "sha1:f8348ddc6f168717f89fbdb46c5df8cebaf7a461"
        }
      ],
      "configurations" : [
        "provided"
      ]
    },
    {
      "org" : "software.amazon.eventstream",
      "name" : "eventstream",
      "version" : "1.0.1",
      "artifacts" : [
        {
          "name" : "eventstream.jar",
          "hash" : "sha1:6ff8649dffc5190366ada897ba8525a836297784"
        }
      ],
      "configurations" : [
        "provided"
      ]
    },
    {
      "org" : "software.amazon.s3.analyticsaccelerator",
      "name" : "analyticsaccelerator-s3",
      "version" : "1.2.1",
      "artifacts" : [
        {
          "name" : "analyticsaccelerator-s3.jar",
          "hash" : "sha1:44f8cf72ed9d5f948de0ba29e437a17d723bb7bb"
        }
      ],
      "configurations" : [
        "test"
      ]
    }
  ]
}