{
  "lockVersion" : 1,
  "timestamp" : "2026-08-18T11:11:54.019248Z",
  "configurations" : [
    "compile",
    "optional",
    "provided",
    "runtime",
    "test"
  ],
  "dependencies" : [
    {
      "org" : "com.fasterxml.jackson.core",
      "name" : "jackson-annotations",
      "version" : "2.17.0",
      "artifacts" : [
        {
          "name" : "jackson-annotations.jar",
          "hash" : "sha1:880a742337010da4c851f843d8cac150e22dff9f"
        }
      ],
      "configurations" : [
        "compile",
        "runtime",
        "test"
      ]
    },
    {
      "org" : "jakarta.annotation",
      "name" : "jakarta.annotation-api",
      "version" : "3.0.0",
      "artifacts" : [
        {
          "name" : "jakarta.annotation-api.jar",
          "hash" : "sha1:54f928fadec906a99d558536756d171917b9d936"
        }
      ],
      "configurations" : [
        "provided"
      ]
    },
    {
      "org" : "org.apache.logging.log4j",
      "name" : "log4j-api",
      "version" : "2.25.3",
      "artifacts" : [
        {
          "name" : "log4j-api.jar",
          "hash" : "sha1:fb385330d89c2d61058ef649403f214633569205"
        }
      ],
      "configurations" : [
        "compile",
        "runtime",
        "test"
      ]
    },
    {
      "org" : "org.apache.logging.log4j",
      "name" : "log4j-core",
      "version" : "2.25.3",
      "artifacts" : [
        {
          "name" : "log4j-core.jar",
          "hash" : "sha1:dd9c8ecba5c8dc5e1574804d0bfdc1ef155ad9ea"
        }
      ],
      "configurations" : [
        "compile",
        "runtime",
        "test"
      ]
    },
    {
      "org" : "org.apache.logging.log4j",
      "name" : "log4j-slf4j2-impl",
      "version" : "2.25.3",
      "artifacts" : [
        {
          "name" : "log4j-slf4j2-impl.jar",
          "hash" : "sha1:8d1aca17817adb4a15720e64b98caf9cb3b2cc51"
        }
      ],
      "configurations" : [
        "compile",
        "runtime",
        "test"
      ]
    },
    {
      "org" : "org.jacoco",
      "name" : "org.jacoco.agent",
      "version" : "0.8.7",
      "artifacts" : [
        {
          "name" : "org.jacoco.agent.jar",
          "hash" : "sha1:37df187b76888101ecd745282e9cd1ad4ea508d6"
        }
      ],
      "configurations" : [
        "test"
      ]
    },
    {
      "org" : "org.slf4j",
      "name" : "slf4j-api",
      "version" : "2.0.17",
      "artifacts" : [
        {
          "name" : "slf4j-api.jar",
          "hash" : "sha1:d9e58ac9c7779ba3bf8142aff6c830617a7fe60f"
        }
      ],
      "configurations" : [
        "compile",
        "runtime",
        "test"
      ]
    }
  ]
}